
Microsoft Visual Studio Solution File, Format Version 12.00
# Visual Studio Version 16
VisualStudioVersion = 16.0.32228.343
MinimumVisualStudioVersion = 10.0.40219.1
Project("{FAE04EC0-301F-11D3-BF4B-00C04F79EFBC}") = "DiscordBot", "DiscordBot\DiscordBot.csproj", "{0FE0254B-3B25-43B9-8F95-8354186EEDF6}"
EndProject
Project("{2150E333-8FDC-42A3-9474-1A3956D46DE8}") = "DiscordBot.Bot", "DiscordBot.Bot", "{423C6B0B-8FD3-4B7B-A994-6E72053B0DF5}"
EndProject
Global
	GlobalSection(SolutionConfigurationPlatforms) = preSolution
		Debug|Any CPU = Debug|Any CPU
		Release|Any CPU = Release|Any CPU
	EndGlobalSection
	GlobalSection(ProjectConfigurationPlatforms) = postSolution
		{0FE0254B-3B25-43B9-8F95-8354186EEDF6}.Debug|Any CPU.ActiveCfg = Debug|Any CPU
		{0FE0254B-3B25-43B9-8F95-8354186EEDF6}.Debug|Any CPU.Build.0 = Debug|Any CPU
		{0FE0254B-3B25-43B9-8F95-8354186EEDF6}.Release|Any CPU.ActiveCfg = Release|Any CPU
		{0FE0254B-3B25-43B9-8F95-8354186EEDF6}.Release|Any CPU.Build.0 = Release|Any CPU
	EndGlobalSection
	GlobalSection(SolutionProperties) = preSolution
		HideSolutionNode = FALSE
	EndGlobalSection
	GlobalSection(NestedProjects) = preSolution
		{0FE0254B-3B25-43B9-8F95-8354186EEDF6} = {423C6B0B-8FD3-4B7B-A994-6E72053B0DF5}
	EndGlobalSection
	GlobalSection(ExtensibilityGlobals) = postSolution
		SolutionGuid = {3BEA4CAC-5944-44D8-8276-7AADF584CBC7}
	EndGlobalSection
EndGlobal
